{
  "name": "prepros-project",
  "version": "1.0.0",
  "lockfileVersion": 1,
  "requires": true,
  "dependencies": {
    "jquery-plugin-viewport-checker": {
      "version": "1.8.3",
      "resolved": "https://registry.npmjs.org/jquery-plugin-viewport-checker/-/jquery-plugin-viewport-checker-1.8.3.tgz",
      "integrity": "sha1-j0ky1i5KjxFHqMCwy+7gdTiNVDo="
    }
  }
}
